
Microsoft Visual Studio Solution File, Format Version 12.00
# Visual Studio Version 17
VisualStudioVersion = 17.5.33414.496
MinimumVisualStudioVersion = 10.0.40219.1
Project("{FAE04EC0-301F-11D3-BF4B-00C04F79EFBC}") = "coreEmptyWebProject", "coreWebProject\coreEmptyWebProject.csproj", "{7EA41643-FFDF-46A2-94ED-FEACAC7B0F48}"
EndProject
Project("{FAE04EC0-301F-11D3-BF4B-00C04F79EFBC}") = "coreWebAppProject", "coreWebAppProject\coreWebAppProject.csproj", "{68D21D89-E155-49C1-9D50-BFFA327C27EA}"
EndProject
Project("{FAE04EC0-301F-11D3-BF4B-00C04F79EFBC}") = "coreMvcConfigurationProject", "coreMvcConfigurationProject\coreMvcConfigurationProject.csproj", "{D0310053-22E0-4CDC-A012-573473B86A4D}"
EndProject
Global
	GlobalSection(SolutionConfigurationPlatforms) = preSolution
		Debug|Any CPU = Debug|Any CPU
		Release|Any CPU = Release|Any CPU
	EndGlobalSection
	GlobalSection(ProjectConfigurationPlatforms) = postSolution
		{7EA41643-FFDF-46A2-94ED-FEACAC7B0F48}.Debug|Any CPU.ActiveCfg = Debug|Any CPU
		{7EA41643-FFDF-46A2-94ED-FEACAC7B0F48}.Debug|Any CPU.Build.0 = Debug|Any CPU
		{7EA41643-FFDF-46A2-94ED-FEACAC7B0F48}.Release|Any CPU.ActiveCfg = Release|Any CPU
		{7EA41643-FFDF-46A2-94ED-FEACAC7B0F48}.Release|Any CPU.Build.0 = Release|Any CPU
		{68D21D89-E155-49C1-9D50-BFFA327C27EA}.Debug|Any CPU.ActiveCfg = Debug|Any CPU
		{68D21D89-E155-49C1-9D50-BFFA327C27EA}.Debug|Any CPU.Build.0 = Debug|Any CPU
		{68D21D89-E155-49C1-9D50-BFFA327C27EA}.Release|Any CPU.ActiveCfg = Release|Any CPU
		{68D21D89-E155-49C1-9D50-BFFA327C27EA}.Release|Any CPU.Build.0 = Release|Any CPU
		{D0310053-22E0-4CDC-A012-573473B86A4D}.Debug|Any CPU.ActiveCfg = Debug|Any CPU
		{D0310053-22E0-4CDC-A012-573473B86A4D}.Debug|Any CPU.Build.0 = Debug|Any CPU
		{D0310053-22E0-4CDC-A012-573473B86A4D}.Release|Any CPU.ActiveCfg = Release|Any CPU
		{D0310053-22E0-4CDC-A012-573473B86A4D}.Release|Any CPU.Build.0 = Release|Any CPU
	EndGlobalSection
	GlobalSection(SolutionProperties) = preSolution
		HideSolutionNode = FALSE
	EndGlobalSection
	GlobalSection(ExtensibilityGlobals) = postSolution
		SolutionGuid = {52914AD1-72A1-4194-BA3E-EB0D89C01BED}
	EndGlobalSection
EndGlobal
